{
  "version": 4,
  "terraform_version": "0.14.9",
  "serial": 3,
  "lineage": "413478b7-db03-470b-8dfe-19b9a7c911d2",
  "outputs": {},
  "resources": [
    {
      "mode": "managed",
      "type": "digitalocean_droplet",
      "name": "server",
      "provider": "provider[\"registry.terraform.io/digitalocean/digitalocean\"]",
      "instances": [
        {
          "schema_version": 1,
          "attributes": {
            "backups": false,
            "created_at": "2021-04-17T14:20:09Z",
            "disk": 60,
            "id": "241902283",
            "image": "ubuntu-20-04-x64",
            "ipv4_address": "104.236.121.74",
            "ipv4_address_private": "10.132.0.2",
            "ipv6": false,
            "ipv6_address": "",
            "locked": false,
            "memory": 2048,
            "monitoring": false,
            "name": "server-test",
            "price_hourly": 0.02232,
            "price_monthly": 15,
            "private_networking": true,
            "region": "nyc3",
            "resize_disk": true,
            "size": "s-2vcpu-2gb",
            "ssh_keys": [
              "a0:78:b8:14:a8:52:0e:54:93:53:fb:86:ae:10:11:15"
            ],
            "status": "active",
            "tags": null,
            "urn": "do:droplet:241902283",
            "user_data": null,
            "vcpus": 2,
            "volume_ids": [],
            "vpc_uuid": "452480ce-4f2f-420e-b87b-704126955024"
          },
          "sensitive_attributes": [],
          "private": "eyJzY2hlbWFfdmVyc2lvbiI6IjEifQ=="
        }
      ]
    }
  ]
}
